
Microsoft Visual Studio Solution File, Format Version 12.00
# Visual Studio Version 17
VisualStudioVersion = 17.3.32804.467
MinimumVisualStudioVersion = 10.0.40219.1
Project("{FAE04EC0-301F-11D3-BF4B-00C04F79EFBC}") = "handicrafe_v2", "handicrafe_v2.csproj", "{B50D660B-BEA6-4628-ACB5-2EB2ABED52ED}"
EndProject
Global
	GlobalSection(SolutionConfigurationPlatforms) = preSolution
		Debug|Any CPU = Debug|Any CPU
		Release|Any CPU = Release|Any CPU
	EndGlobalSection
	GlobalSection(ProjectConfigurationPlatforms) = postSolution
		{B50D660B-BEA6-4628-ACB5-2EB2ABED52ED}.Debug|Any CPU.ActiveCfg = Debug|Any CPU
		{B50D660B-BEA6-4628-ACB5-2EB2ABED52ED}.Debug|Any CPU.Build.0 = Debug|Any CPU
		{B50D660B-BEA6-4628-ACB5-2EB2ABED52ED}.Release|Any CPU.ActiveCfg = Release|Any CPU
		{B50D660B-BEA6-4628-ACB5-2EB2ABED52ED}.Release|Any CPU.Build.0 = Release|Any CPU
	EndGlobalSection
	GlobalSection(SolutionProperties) = preSolution
		HideSolutionNode = FALSE
	EndGlobalSection
	GlobalSection(ExtensibilityGlobals) = postSolution
		SolutionGuid = {5AB7B0EF-3548-4D4C-BBB9-42F6119465CE}
	EndGlobalSection
EndGlobal
